
Microsoft Visual Studio Solution File, Format Version 12.00
# Visual Studio Version 17
VisualStudioVersion = 17.7.34031.279
MinimumVisualStudioVersion = 10.0.40219.1
Project("{FAE04EC0-301F-11D3-BF4B-00C04F79EFBC}") = "Github_Practice_1_StephanieLopez", "Github_Practice_1_StephanieLopez.csproj", "{C4AF8A09-DD62-46C8-9225-9287E11E07BF}"
EndProject
Global
	GlobalSection(SolutionConfigurationPlatforms) = preSolution
		Debug|Any CPU = Debug|Any CPU
		Release|Any CPU = Release|Any CPU
	EndGlobalSection
	GlobalSection(ProjectConfigurationPlatforms) = postSolution
		{C4AF8A09-DD62-46C8-9225-9287E11E07BF}.Debug|Any CPU.ActiveCfg = Debug|Any CPU
		{C4AF8A09-DD62-46C8-9225-9287E11E07BF}.Debug|Any CPU.Build.0 = Debug|Any CPU
		{C4AF8A09-DD62-46C8-9225-9287E11E07BF}.Release|Any CPU.ActiveCfg = Release|Any CPU
		{C4AF8A09-DD62-46C8-9225-9287E11E07BF}.Release|Any CPU.Build.0 = Release|Any CPU
	EndGlobalSection
	GlobalSection(SolutionProperties) = preSolution
		HideSolutionNode = FALSE
	EndGlobalSection
	GlobalSection(ExtensibilityGlobals) = postSolution
		SolutionGuid = {905A2786-0149-46BC-9E96-1ED3632EBF30}
	EndGlobalSection
EndGlobal
